 
Microsoft Visual Studio Solution File, Format Version 12.00
# Visual Studio Version 16
VisualStudioVersion = 16.0.808.8
MinimumVisualStudioVersion = 10.0.40219.1
Project("{FAE04EC0-301F-11D3-BF4B-00C04F79EFBC}") = "iOSStatusBarXF.Android", "iOSStatusBarXF.Android\iOSStatusBarXF.Android.csproj", "{A4828DE6-5D2F-43EC-87AF-CC3B08BCBDBF}"
EndProject
Project("{FAE04EC0-301F-11D3-BF4B-00C04F79EFBC}") = "iOSStatusBarXF.iOS", "iOSStatusBarXF.iOS\iOSStatusBarXF.iOS.csproj", "{032BBEE9-460F-4A35-8B5F-D4D52130663E}"
EndProject
Project("{FAE04EC0-301F-11D3-BF4B-00C04F79EFBC}") = "iOSStatusBarXF", "iOSStatusBarXF\iOSStatusBarXF.csproj", "{FD861640-E17A-4EB0-95FD-4F04A4D62452}"
EndProject
Global
	GlobalSection(SolutionConfigurationPlatforms) = preSolution
		Debug|Any CPU = Debug|Any CPU
		Release|Any CPU = Release|Any CPU
		Debug|iPhoneSimulator = Debug|iPhoneSimulator
		Release|iPhoneSimulator = Release|iPhoneSimulator
		Debug|iPhone = Debug|iPhone
		Release|iPhone = Release|iPhone
	EndGlobalSection
	GlobalSection(ProjectConfigurationPlatforms) = postSolution
		{A4828DE6-5D2F-43EC-87AF-CC3B08BCBDBF}.Debug|Any CPU.ActiveCfg = Debug|Any CPU
		{A4828DE6-5D2F-43EC-87AF-CC3B08BCBDBF}.Debug|Any CPU.Build.0 = Debug|Any CPU
		{A4828DE6-5D2F-43EC-87AF-CC3B08BCBDBF}.Release|Any CPU.ActiveCfg = Release|Any CPU
		{A4828DE6-5D2F-43EC-87AF-CC3B08BCBDBF}.Release|Any CPU.Build.0 = Release|Any CPU
		{A4828DE6-5D2F-43EC-87AF-CC3B08BCBDBF}.Debug|iPhoneSimulator.ActiveCfg = Debug|Any CPU
		{A4828DE6-5D2F-43EC-87AF-CC3B08BCBDBF}.Debug|iPhoneSimulator.Build.0 = Debug|Any CPU
		{A4828DE6-5D2F-43EC-87AF-CC3B08BCBDBF}.Release|iPhoneSimulator.ActiveCfg = Release|Any CPU
		{A4828DE6-5D2F-43EC-87AF-CC3B08BCBDBF}.Release|iPhoneSimulator.Build.0 = Release|Any CPU
		{A4828DE6-5D2F-43EC-87AF-CC3B08BCBDBF}.Debug|iPhone.ActiveCfg = Debug|Any CPU
		{A4828DE6-5D2F-43EC-87AF-CC3B08BCBDBF}.Debug|iPhone.Build.0 = Debug|Any CPU
		{A4828DE6-5D2F-43EC-87AF-CC3B08BCBDBF}.Release|iPhone.ActiveCfg = Release|Any CPU
		{A4828DE6-5D2F-43EC-87AF-CC3B08BCBDBF}.Release|iPhone.Build.0 = Release|Any CPU
		{032BBEE9-460F-4A35-8B5F-D4D52130663E}.Debug|Any CPU.ActiveCfg = Debug|iPhoneSimulator
		{032BBEE9-460F-4A35-8B5F-D4D52130663E}.Debug|Any CPU.Build.0 = Debug|iPhoneSimulator
		{032BBEE9-460F-4A35-8B5F-D4D52130663E}.Release|Any CPU.ActiveCfg = Release|iPhoneSimulator
		{032BBEE9-460F-4A35-8B5F-D4D52130663E}.Release|Any CPU.Build.0 = Release|iPhoneSimulator
		{032BBEE9-460F-4A35-8B5F-D4D52130663E}.Debug|iPhoneSimulator.ActiveCfg = Debug|iPhoneSimulator
		{032BBEE9-460F-4A35-8B5F-D4D52130663E}.Debug|iPhoneSimulator.Build.0 = Debug|iPhoneSimulator
		{032BBEE9-460F-4A35-8B5F-D4D52130663E}.Release|iPhoneSimulator.ActiveCfg = Release|iPhoneSimulator
		{032BBEE9-460F-4A35-8B5F-D4D52130663E}.Release|iPhoneSimulator.Build.0 = Release|iPhoneSimulator
		{032BBEE9-460F-4A35-8B5F-D4D52130663E}.Debug|iPhone.ActiveCfg = Debug|iPhone
		{032BBEE9-460F-4A35-8B5F-D4D52130663E}.Debug|iPhone.Build.0 = Debug|iPhone
		{032BBEE9-460F-4A35-8B5F-D4D52130663E}.Release|iPhone.ActiveCfg = Release|iPhone
		{032BBEE9-460F-4A35-8B5F-D4D52130663E}.Release|iPhone.Build.0 = Release|iPhone
		{FD861640-E17A-4EB0-95FD-4F04A4D62452}.Debug|Any CPU.ActiveCfg = Debug|Any CPU
		{FD861640-E17A-4EB0-95FD-4F04A4D62452}.Debug|Any CPU.Build.0 = Debug|Any CPU
		{FD861640-E17A-4EB0-95FD-4F04A4D62452}.Release|Any CPU.ActiveCfg = Release|Any CPU
		{FD861640-E17A-4EB0-95FD-4F04A4D62452}.Release|Any CPU.Build.0 = Release|Any CPU
		{FD861640-E17A-4EB0-95FD-4F04A4D62452}.Debug|iPhoneSimulator.ActiveCfg = Debug|Any CPU
		{FD861640-E17A-4EB0-95FD-4F04A4D62452}.Debug|iPhoneSimulator.Build.0 = Debug|Any CPU
		{FD861640-E17A-4EB0-95FD-4F04A4D62452}.Release|iPhoneSimulator.ActiveCfg = Release|Any CPU
		{FD861640-E17A-4EB0-95FD-4F04A4D62452}.Release|iPhoneSimulator.Build.0 = Release|Any CPU
		{FD861640-E17A-4EB0-95FD-4F04A4D62452}.Debug|iPhone.ActiveCfg = Debug|Any CPU
		{FD861640-E17A-4EB0-95FD-4F04A4D62452}.Debug|iPhone.Build.0 = Debug|Any CPU
		{FD861640-E17A-4EB0-95FD-4F04A4D62452}.Release|iPhone.ActiveCfg = Release|Any CPU
		{FD861640-E17A-4EB0-95FD-4F04A4D62452}.Release|iPhone.Build.0 = Release|Any CPU
	EndGlobalSection
	GlobalSection(SolutionProperties) = preSolution
		HideSolutionNode = FALSE
	EndGlobalSection
	GlobalSection(ExtensibilityGlobals) = postSolution
		SolutionGuid = {A55F8BF8-A9FC-47F5-AB57-3D919A57C336}
	EndGlobalSection
EndGlobal
